#MicroXplorer Configuration settings - do not modify
ADC1.Channel-0\#ChannelRegularConversion=ADC_CHANNEL_10
ADC1.Channel-1\#ChannelRegularConversion=ADC_CHANNEL_11
ADC1.ClockPrescaler=ADC_CLOCK_ASYNC_DIV8
ADC1.CommonPathInternal=null|null|null|null
ADC1.ContinuousConvMode=ENABLE
ADC1.EOCSelection=ADC_EOC_SEQ_CONV
ADC1.IPParameters=Rank-0\#ChannelRegularConversion,Channel-0\#ChannelRegularConversion,SamplingTime-0\#ChannelRegularConversion,OffsetNumber-0\#ChannelRegularConversion,NbrOfConversionFlag,master,ClockPrescaler,ContinuousConvMode,EOCSelection,Rank-1\#ChannelRegularConversion,Channel-1\#ChannelRegularConversion,SamplingTime-1\#ChannelRegularConversion,OffsetNumber-1\#ChannelRegularConversion,NbrOfConversion,CommonPathInternal
ADC1.NbrOfConversion=2
ADC1.NbrOfConversionFlag=1
ADC1.OffsetNumber-0\#ChannelRegularConversion=ADC_OFFSET_NONE
ADC1.OffsetNumber-1\#ChannelRegularConversion=ADC_OFFSET_NONE
ADC1.Rank-0\#ChannelRegularConversion=1
ADC1.Rank-1\#ChannelRegularConversion=2
ADC1.SamplingTime-0\#ChannelRegularConversion=ADC_SAMPLETIME_24CYCLES_5
ADC1.SamplingTime-1\#ChannelRegularConversion=ADC_SAMPLETIME_24CYCLES_5
ADC1.master=1
CAD.formats=
CAD.pinconfig=
CAD.provider=
File.Version=6
GPIO.groupedBy=Group By Peripherals
I2C1.I2C_Speed_Mode=I2C_Fast
I2C1.IPParameters=I2C_Speed_Mode,Timing
I2C1.Timing=0x00000000
I2C2.I2C_Speed_Mode=I2C_Fast
I2C2.IPParameters=I2C_Speed_Mode,Timing
I2C2.Timing=0x00000000
I2C3.I2C_Speed_Mode=I2C_Fast
I2C3.IPParameters=I2C_Speed_Mode,Timing
I2C3.Timing=0x00000000
KeepUserPlacement=false
Mcu.CPN=STM32L4P5CGU6
Mcu.Family=STM32L4
Mcu.IP0=ADC1
Mcu.IP1=I2C1
Mcu.IP2=I2C2
Mcu.IP3=I2C3
Mcu.IP4=NVIC
Mcu.IP5=RCC
Mcu.IP6=SPI1
Mcu.IP7=SYS
Mcu.IP8=USART1
Mcu.IPNb=9
Mcu.Name=STM32L4P5C(G-E)Ux
Mcu.Package=UFQFPN48
Mcu.Pin0=PC14-OSC32_IN (PC14)
Mcu.Pin1=PC15-OSC32_OUT (PC15)
Mcu.Pin10=PB10
Mcu.Pin11=PB11
Mcu.Pin12=PB12
Mcu.Pin13=PB13
Mcu.Pin14=PB14
Mcu.Pin15=PB15
Mcu.Pin16=PA9
Mcu.Pin17=PA10
Mcu.Pin18=PA11
Mcu.Pin19=PA12
Mcu.Pin2=PH0-OSC_IN (PH0)
Mcu.Pin20=PA13 (JTMS/SWDIO)
Mcu.Pin21=PA14 (JTCK/SWCLK)
Mcu.Pin22=PA15 (JTDI)
Mcu.Pin23=PB3 (JTDO/TRACESWO)
Mcu.Pin24=PB4 (NJTRST)
Mcu.Pin25=PB6
Mcu.Pin26=PB7
Mcu.Pin27=PB8
Mcu.Pin28=PB9
Mcu.Pin29=VP_SYS_VS_Systick
Mcu.Pin3=PA1
Mcu.Pin30=VP_STMicroelectronics.FP-SNS-SMARTAG2_VS_BoardOoSupportJjSTEVALAaSMARTAG2_1.2.0_1.2.0
Mcu.Pin31=VP_STMicroelectronics.FP-SNS-SMARTAG2_VS_DeviceJjSMARTAG2IiExamples_1.2.0_1.2.0
Mcu.Pin32=VP_STMicroelectronics.X-CUBE-NFC7_VS_BoardOoPartJjNFC7_1.0.0_1.0.0
Mcu.Pin33=VP_STMicroelectronics.X-CUBE-ALS_VS_BoardOoPartJjLight_1.0.0_1.0.1
Mcu.Pin34=VP_STMicroelectronics.X-CUBE-MEMS1_VS_BoardOoPartJjAccGyr_5.5.0_9.6.0
Mcu.Pin35=VP_STMicroelectronics.X-CUBE-MEMS1_VS_BoardOoPartJjAcc_1.4.0_9.6.0
Mcu.Pin36=VP_STMicroelectronics.X-CUBE-MEMS1_VS_BoardOoPartJjPressTemp_5.5.0_9.6.0
Mcu.Pin37=VP_STMicroelectronics.X-CUBE-MEMS1_VS_BoardOoPartJjTemp_1.3.0_9.6.0
Mcu.Pin38=VP_STMicroelectronics.X-CUBE-MEMS1_VS_BoardOoPartJjAccQvar_1.1.0_9.6.0
Mcu.Pin4=PA3
Mcu.Pin5=PA5
Mcu.Pin6=PA6
Mcu.Pin7=PA7
Mcu.Pin8=PB1
Mcu.Pin9=PB2
Mcu.PinsNb=39
Mcu.ThirdParty0=STMicroelectronics.FP-SNS-SMARTAG2.1.2.0
Mcu.ThirdParty1=STMicroelectronics.X-CUBE-ALS.1.0.1
Mcu.ThirdParty2=STMicroelectronics.X-CUBE-MEMS1.9.6.0
Mcu.ThirdParty3=STMicroelectronics.X-CUBE-NFC7.1.0.0
Mcu.ThirdPartyNb=4
Mcu.UserConstants=
Mcu.UserName=STM32L4P5CGUx
MxCube.Version=6.9.0
MxDb.Version=DB.6.0.90
NVIC.BusFault_IRQn=true\:0\:0\:false\:false\:true\:false\:false\:false
NVIC.DebugMonitor_IRQn=true\:0\:0\:false\:false\:true\:false\:false\:false
NVIC.EXTI15_10_IRQn=true\:0\:0\:false\:false\:true\:true\:true\:true
NVIC.EXTI2_IRQn=true\:0\:0\:false\:false\:true\:true\:true\:true
NVIC.ForceEnableDMAVector=true
NVIC.HardFault_IRQn=true\:0\:0\:false\:false\:true\:false\:false\:false
NVIC.MemoryManagement_IRQn=true\:0\:0\:false\:false\:true\:false\:false\:false
NVIC.NonMaskableInt_IRQn=true\:0\:0\:false\:false\:true\:false\:false\:false
NVIC.PendSV_IRQn=true\:0\:0\:false\:false\:true\:false\:false\:false
NVIC.PriorityGroup=NVIC_PRIORITYGROUP_4
NVIC.SVCall_IRQn=true\:0\:0\:false\:false\:true\:false\:false\:false
NVIC.SysTick_IRQn=true\:15\:0\:false\:false\:true\:false\:true\:false
NVIC.UsageFault_IRQn=true\:0\:0\:false\:false\:true\:false\:false\:false
PA1.GPIOParameters=GPIO_Label
PA1.GPIO_Label=RST_SAFE
PA1.Locked=true
PA1.Signal=GPIO_Output
PA10.Locked=true
PA10.Mode=Asynchronous
PA10.Signal=USART1_RX
PA11.Locked=true
PA11.Mode=Full_Duplex_Master
PA11.Signal=SPI1_MISO
PA12.Locked=true
PA12.Mode=Full_Duplex_Master
PA12.Signal=SPI1_MOSI
PA13\ (JTMS/SWDIO).Locked=true
PA13\ (JTMS/SWDIO).Mode=Serial_Wire
PA13\ (JTMS/SWDIO).Signal=SYS_JTMS-SWDIO
PA14\ (JTCK/SWCLK).Locked=true
PA14\ (JTCK/SWCLK).Mode=Serial_Wire
PA14\ (JTCK/SWCLK).Signal=SYS_JTCK-SWCLK
PA15\ (JTDI).GPIOParameters=GPIO_Label
PA15\ (JTDI).GPIO_Label=ACC_CS
PA15\ (JTDI).Locked=true
PA15\ (JTDI).Signal=GPIO_Output
PA3.GPIOParameters=GPIO_Label
PA3.GPIO_Label=VDD_EEP
PA3.Locked=true
PA3.Signal=GPIO_Output
PA5.GPIOParameters=GPIO_Label
PA5.GPIO_Label=RECT_M
PA5.Locked=true
PA5.Signal=ADCx_IN10
PA6.GPIOParameters=GPIO_Label
PA6.GPIO_Label=BATT_M
PA6.Locked=true
PA6.Signal=ADCx_IN11
PA7.Locked=true
PA7.Mode=I2C
PA7.Signal=I2C3_SCL
PA9.Locked=true
PA9.Mode=Asynchronous
PA9.Signal=USART1_TX
PB1.GPIOParameters=GPIO_Label
PB1.GPIO_Label=HIGH_G_CS
PB1.Locked=true
PB1.Signal=GPIO_Output
PB10.Locked=true
PB10.Mode=I2C
PB10.Signal=I2C2_SCL
PB11.Locked=true
PB11.Mode=I2C
PB11.Signal=I2C2_SDA
PB12.GPIOParameters=GPIO_Label
PB12.GPIO_Label=LD1
PB12.Locked=true
PB12.Signal=GPIO_Output
PB13.GPIOParameters=GPIO_Label
PB13.GPIO_Label=VDD_SAF_CTRL
PB13.Locked=true
PB13.Signal=GPIO_Output
PB14.GPIOParameters=GPIO_Label
PB14.GPIO_Label=VDD_AMB_MCU
PB14.Locked=true
PB14.Signal=GPIO_Output
PB15.GPIOParameters=GPIO_Label
PB15.GPIO_Label=VDD_ACC_MCU
PB15.Locked=true
PB15.Signal=GPIO_Output
PB2.GPIOParameters=GPIO_Label,GPIO_ModeDefaultEXTI
PB2.GPIO_Label=USER
PB2.GPIO_ModeDefaultEXTI=GPIO_MODE_IT_FALLING
PB2.Locked=true
PB2.Signal=GPXTI2
PB3\ (JTDO/TRACESWO).Locked=true
PB3\ (JTDO/TRACESWO).Mode=Full_Duplex_Master
PB3\ (JTDO/TRACESWO).Signal=SPI1_SCK
PB4\ (NJTRST).Locked=true
PB4\ (NJTRST).Mode=I2C
PB4\ (NJTRST).Signal=I2C3_SDA
PB6.Locked=true
PB6.Mode=I2C
PB6.Signal=I2C1_SCL
PB7.Locked=true
PB7.Mode=I2C
PB7.Signal=I2C1_SDA
PB8.GPIOParameters=GPIO_Label
PB8.GPIO_Label=LPD
PB8.Locked=true
PB8.Signal=GPIO_Output
PB9.GPIOParameters=GPIO_Label
PB9.GPIO_Label=CH_ON
PB9.Locked=true
PB9.Signal=GPIO_Output
PC14-OSC32_IN\ (PC14).GPIOParameters=GPIO_Label
PC14-OSC32_IN\ (PC14).GPIO_Label=GPO
PC14-OSC32_IN\ (PC14).Locked=true
PC14-OSC32_IN\ (PC14).Signal=GPXTI14
PC15-OSC32_OUT\ (PC15).GPIOParameters=GPIO_Label
PC15-OSC32_OUT\ (PC15).GPIO_Label=ISET0
PC15-OSC32_OUT\ (PC15).Locked=true
PC15-OSC32_OUT\ (PC15).Signal=GPIO_Output
PH0-OSC_IN\ (PH0).GPIOParameters=GPIO_Label
PH0-OSC_IN\ (PH0).GPIO_Label=IMU_CS
PH0-OSC_IN\ (PH0).Locked=true
PH0-OSC_IN\ (PH0).Signal=GPIO_Output
PinOutPanel.RotationAngle=0
ProjectManager.AskForMigrate=true
ProjectManager.BackupPrevious=false
ProjectManager.CompilerOptimize=6
ProjectManager.ComputerToolchain=false
ProjectManager.CoupleFile=false
ProjectManager.CustomerFirmwarePackage=..\\..\\..\\..
ProjectManager.DefaultFWLocation=false
ProjectManager.DeletePrevious=true
ProjectManager.DeviceId=STM32L4P5CGUx
ProjectManager.FreePins=false
ProjectManager.HalAssertFull=false
ProjectManager.HeapSize=0x200
ProjectManager.KeepUserCode=true
ProjectManager.LastFirmware=true
ProjectManager.LibraryCopy=2
ProjectManager.MainLocation=Src
ProjectManager.NoMain=false
ProjectManager.PreviousToolchain=
ProjectManager.ProjectBuild=false
ProjectManager.ProjectFileName=OneShot.ioc
ProjectManager.ProjectName=OneShot
ProjectManager.ProjectStructure=
ProjectManager.RegisterCallBack=
ProjectManager.StackSize=0x400
ProjectManager.TargetToolchain=EWARM V8.32
ProjectManager.ToolChainLocation=
ProjectManager.UAScriptAfterPath=
ProjectManager.UAScriptBeforePath=
ProjectManager.UnderRoot=false
ProjectManager.functionlistsort=1-SystemClock_Config-RCC-false-HAL-false,2-MX_GPIO_Init-GPIO-true-HAL-false,false-3-MX_ADC1_Init-ADC1-false-HAL-true,false-4-MX_I2C2_Init-I2C2-false-HAL-true,5-MX_OneShot_Init-STMicroelectronics.FP-SNS-SMARTAG2.1.2.0-false-HAL-false,6-MX_OneShot_Process-STMicroelectronics.FP-SNS-SMARTAG2.1.2.0-false-HAL-false
RCC.ADCFreq_Value=16000000
RCC.AHBCLKDivider=RCC_SYSCLK_DIV2
RCC.AHBFreq_Value=2000000
RCC.APB1Freq_Value=2000000
RCC.APB1TimFreq_Value=2000000
RCC.APB2Freq_Value=2000000
RCC.APB2TimFreq_Value=2000000
RCC.CRSFreq_Value=48000000
RCC.CortexFreq_Value=2000000
RCC.DFSDMAudioFreq_Value=4000000
RCC.DFSDMFreq_Value=2000000
RCC.FCLKCortexFreq_Value=2000000
RCC.FamilyName=M
RCC.HCLKFreq_Value=2000000
RCC.HSE_VALUE=8000000
RCC.HSI48_VALUE=48000000
RCC.HSI_VALUE=16000000
RCC.I2C1Freq_Value=2000000
RCC.I2C2Freq_Value=2000000
RCC.I2C3Freq_Value=2000000
RCC.I2C4Freq_Value=2000000
RCC.IPParameters=ADCFreq_Value,AHBCLKDivider,AHBFreq_Value,APB1Freq_Value,APB1TimFreq_Value,APB2Freq_Value,APB2TimFreq_Value,CRSFreq_Value,CortexFreq_Value,DFSDMAudioFreq_Value,DFSDMFreq_Value,FCLKCortexFreq_Value,FamilyName,HCLKFreq_Value,HSE_VALUE,HSI48_VALUE,HSI_VALUE,I2C1Freq_Value,I2C2Freq_Value,I2C3Freq_Value,I2C4Freq_Value,LCDTFTFreq_Value,LPTIM1Freq_Value,LPTIM2Freq_Value,LPUART1Freq_Value,LSCOPinFreq_Value,LSE_VALUE,LSI_VALUE,MCO1PinFreq_Value,MSI_VALUE,OCTOSPIMFreq_Value,PLLPoutputFreq_Value,PLLQoutputFreq_Value,PLLRCLKFreq_Value,PLLSAI1N,PLLSAI1PoutputFreq_Value,PLLSAI1QoutputFreq_Value,PLLSAI1R,PLLSAI1RoutputFreq_Value,PLLSAI2PoutputFreq_Value,PLLSAI2QoutputFreq_Value,PLLSAI2RoutputFreq_Value,PWRFreq_Value,PWR_Regulator_Voltage_Scale,RNGFreq_Value,SAI1Freq_Value,SAI2Freq_Value,SDMMCFreq_Value,SYSCLKFreq_VALUE,UART4Freq_Value,UART5Freq_Value,USART1Freq_Value,USART2Freq_Value,USART3Freq_Value,USBFreq_Value,VCOInput2Freq_Value,VCOInput3Freq_Value,VCOInputFreq_Value,VCOOutputFreq_Value,VCOSAI1OutputFreq_Value,VCOSAI2OutputFreq_Value,VDD_VALUE
RCC.LCDTFTFreq_Value=8000000
RCC.LPTIM1Freq_Value=2000000
RCC.LPTIM2Freq_Value=2000000
RCC.LPUART1Freq_Value=2000000
RCC.LSCOPinFreq_Value=32000
RCC.LSE_VALUE=32768
RCC.LSI_VALUE=32000
RCC.MCO1PinFreq_Value=4000000
RCC.MSI_VALUE=4000000
RCC.OCTOSPIMFreq_Value=4000000
RCC.PLLPoutputFreq_Value=16000000
RCC.PLLQoutputFreq_Value=16000000
RCC.PLLRCLKFreq_Value=16000000
RCC.PLLSAI1N=16
RCC.PLLSAI1PoutputFreq_Value=32000000
RCC.PLLSAI1QoutputFreq_Value=32000000
RCC.PLLSAI1R=RCC_PLLR_DIV4
RCC.PLLSAI1RoutputFreq_Value=16000000
RCC.PLLSAI2PoutputFreq_Value=16000000
RCC.PLLSAI2QoutputFreq_Value=16000000
RCC.PLLSAI2RoutputFreq_Value=16000000
RCC.PWRFreq_Value=4000000
RCC.PWR_Regulator_Voltage_Scale=PWR_REGULATOR_VOLTAGE_SCALE2
RCC.RNGFreq_Value=32000000
RCC.SAI1Freq_Value=32000000
RCC.SAI2Freq_Value=32000000
RCC.SDMMCFreq_Value=16000000
RCC.SYSCLKFreq_VALUE=4000000
RCC.UART4Freq_Value=2000000
RCC.UART5Freq_Value=2000000
RCC.USART1Freq_Value=2000000
RCC.USART2Freq_Value=2000000
RCC.USART3Freq_Value=2000000
RCC.USBFreq_Value=32000000
RCC.VCOInput2Freq_Value=4000000
RCC.VCOInput3Freq_Value=4000000
RCC.VCOInputFreq_Value=4000000
RCC.VCOOutputFreq_Value=32000000
RCC.VCOSAI1OutputFreq_Value=64000000
RCC.VCOSAI2OutputFreq_Value=32000000
RCC.VDD_VALUE=1.9
SH.ADCx_IN10.0=ADC1_IN10,IN10-Single-Ended
SH.ADCx_IN10.ConfNb=1
SH.ADCx_IN11.0=ADC1_IN11,IN11-Single-Ended
SH.ADCx_IN11.ConfNb=1
SH.GPXTI14.0=GPIO_EXTI14
SH.GPXTI14.ConfNb=1
SH.GPXTI2.0=GPIO_EXTI2
SH.GPXTI2.ConfNb=1
SPI1.CalculateBaudRate=1000.0 KBits/s
SPI1.DataSize=SPI_DATASIZE_8BIT
SPI1.Direction=SPI_DIRECTION_2LINES
SPI1.IPParameters=VirtualType,Mode,Direction,CalculateBaudRate,DataSize
SPI1.Mode=SPI_MODE_MASTER
SPI1.VirtualType=VM_MASTER
STMicroelectronics.FP-SNS-SMARTAG2.1.2.0.BSP.number=8
STMicroelectronics.FP-SNS-SMARTAG2.1.2.0.BoardOoSupportJjSTEVALAaSMARTAG2_Checked=true
STMicroelectronics.FP-SNS-SMARTAG2.1.2.0.DeviceJjSMARTAG2IiExamples_Checked=true
STMicroelectronics.FP-SNS-SMARTAG2.1.2.0.IPParameters=STEVALAaSMARTAG2CcBoardOoSupportJjEnvironmentalJjBSP,STEVALAaSMARTAG2CcBoardOoSupportJjMotionJjBSP,STEVALAaSMARTAG2CcBoardOoSupportJjLightJjBSP,STEVALAaSMARTAG2CcBoardOoSupportJjnfctagJjBSP,STEVALAaSMARTAG2CcBoardOoSupportJjSmarTag2JjBSP,SMARTAG2IiExamplesCcDeviceJjApplication
STMicroelectronics.FP-SNS-SMARTAG2.1.2.0.SMARTAG2IiExamplesCcDeviceJjApplication=OneShot
STMicroelectronics.FP-SNS-SMARTAG2.1.2.0.STEVALAaSMARTAG2CcBoardOoSupportJjEnvironmentalJjBSP=true
STMicroelectronics.FP-SNS-SMARTAG2.1.2.0.STEVALAaSMARTAG2CcBoardOoSupportJjLightJjBSP=true
STMicroelectronics.FP-SNS-SMARTAG2.1.2.0.STEVALAaSMARTAG2CcBoardOoSupportJjMotionJjBSP=true
STMicroelectronics.FP-SNS-SMARTAG2.1.2.0.STEVALAaSMARTAG2CcBoardOoSupportJjSmarTag2JjBSP=true
STMicroelectronics.FP-SNS-SMARTAG2.1.2.0.STEVALAaSMARTAG2CcBoardOoSupportJjnfctagJjBSP=true
STMicroelectronics.FP-SNS-SMARTAG2.1.2.00.BSP.STBoard=false
STMicroelectronics.FP-SNS-SMARTAG2.1.2.00.BSP.api=BSP_BUS_DRIVER
STMicroelectronics.FP-SNS-SMARTAG2.1.2.00.BSP.component=
STMicroelectronics.FP-SNS-SMARTAG2.1.2.00.BSP.condition=SEMSMARTAG2IiExamplesCcDeviceJjApplicationJjOneShot | SEMSMARTAG2IiExamplesCcDeviceJjApplicationJjSmarTag2
STMicroelectronics.FP-SNS-SMARTAG2.1.2.00.BSP.instance=I2C3
STMicroelectronics.FP-SNS-SMARTAG2.1.2.00.BSP.ip=I2C
STMicroelectronics.FP-SNS-SMARTAG2.1.2.00.BSP.mode=I2C
STMicroelectronics.FP-SNS-SMARTAG2.1.2.00.BSP.name=ST25DVXXKC BUS IO driver
STMicroelectronics.FP-SNS-SMARTAG2.1.2.00.BSP.semaphore=
STMicroelectronics.FP-SNS-SMARTAG2.1.2.00.BSP.solution=I2C3
STMicroelectronics.FP-SNS-SMARTAG2.1.2.01.BSP.STBoard=false
STMicroelectronics.FP-SNS-SMARTAG2.1.2.01.BSP.api=BSP_BUS_DRIVER
STMicroelectronics.FP-SNS-SMARTAG2.1.2.01.BSP.component=
STMicroelectronics.FP-SNS-SMARTAG2.1.2.01.BSP.condition=SEMSTEVALAaSMARTAG2CcBoardOoSupportJjSmarTag2JjBSP
STMicroelectronics.FP-SNS-SMARTAG2.1.2.01.BSP.instance=SPI1
STMicroelectronics.FP-SNS-SMARTAG2.1.2.01.BSP.ip=SPI
STMicroelectronics.FP-SNS-SMARTAG2.1.2.01.BSP.mode=Full-Duplex Master
STMicroelectronics.FP-SNS-SMARTAG2.1.2.01.BSP.name=LSM6DSO32X BUS IO driver
STMicroelectronics.FP-SNS-SMARTAG2.1.2.01.BSP.semaphore=
STMicroelectronics.FP-SNS-SMARTAG2.1.2.01.BSP.solution=SPI1
STMicroelectronics.FP-SNS-SMARTAG2.1.2.02.BSP.STBoard=false
STMicroelectronics.FP-SNS-SMARTAG2.1.2.02.BSP.api=BSP_COMMON_DRIVER
STMicroelectronics.FP-SNS-SMARTAG2.1.2.02.BSP.component=
STMicroelectronics.FP-SNS-SMARTAG2.1.2.02.BSP.condition=SEMSMARTAG2IiExamplesCcDeviceJjApplicationJjOneShot | SEMSMARTAG2IiExamplesCcDeviceJjApplicationJjSmarTag2
STMicroelectronics.FP-SNS-SMARTAG2.1.2.02.BSP.instance=PB2
STMicroelectronics.FP-SNS-SMARTAG2.1.2.02.BSP.ip=GPIO
STMicroelectronics.FP-SNS-SMARTAG2.1.2.02.BSP.mode=EXTI
STMicroelectronics.FP-SNS-SMARTAG2.1.2.02.BSP.name=BSP BUTTON
STMicroelectronics.FP-SNS-SMARTAG2.1.2.02.BSP.semaphore=
STMicroelectronics.FP-SNS-SMARTAG2.1.2.02.BSP.solution=PB2
STMicroelectronics.FP-SNS-SMARTAG2.1.2.03.BSP.STBoard=false
STMicroelectronics.FP-SNS-SMARTAG2.1.2.03.BSP.api=BSP_COMMON_DRIVER
STMicroelectronics.FP-SNS-SMARTAG2.1.2.03.BSP.component=
STMicroelectronics.FP-SNS-SMARTAG2.1.2.03.BSP.condition=SEMSMARTAG2IiExamplesCcDeviceJjApplicationJjOneShot | SEMSMARTAG2IiExamplesCcDeviceJjApplicationJjSmarTag2
STMicroelectronics.FP-SNS-SMARTAG2.1.2.03.BSP.instance=USART1
STMicroelectronics.FP-SNS-SMARTAG2.1.2.03.BSP.ip=UART|USART|LPUART
STMicroelectronics.FP-SNS-SMARTAG2.1.2.03.BSP.mode=Asynchronous
STMicroelectronics.FP-SNS-SMARTAG2.1.2.03.BSP.name=BSP USART
STMicroelectronics.FP-SNS-SMARTAG2.1.2.03.BSP.semaphore=
STMicroelectronics.FP-SNS-SMARTAG2.1.2.03.BSP.solution=USART1
STMicroelectronics.FP-SNS-SMARTAG2.1.2.04.BSP.STBoard=false
STMicroelectronics.FP-SNS-SMARTAG2.1.2.04.BSP.api=BSP_BUS_DRIVER
STMicroelectronics.FP-SNS-SMARTAG2.1.2.04.BSP.component=
STMicroelectronics.FP-SNS-SMARTAG2.1.2.04.BSP.condition=SEMSTEVALAaSMARTAG2CcBoardOoSupportJjSmarTag2JjBSP
STMicroelectronics.FP-SNS-SMARTAG2.1.2.04.BSP.instance=I2C1
STMicroelectronics.FP-SNS-SMARTAG2.1.2.04.BSP.ip=I2C
STMicroelectronics.FP-SNS-SMARTAG2.1.2.04.BSP.mode=I2C
STMicroelectronics.FP-SNS-SMARTAG2.1.2.04.BSP.name=VD6283TX BUS IO driver
STMicroelectronics.FP-SNS-SMARTAG2.1.2.04.BSP.semaphore=
STMicroelectronics.FP-SNS-SMARTAG2.1.2.04.BSP.solution=I2C1
STMicroelectronics.FP-SNS-SMARTAG2.1.2.05.BSP.STBoard=false
STMicroelectronics.FP-SNS-SMARTAG2.1.2.05.BSP.api=HAL_EXTI_DRIVER
STMicroelectronics.FP-SNS-SMARTAG2.1.2.05.BSP.component=
STMicroelectronics.FP-SNS-SMARTAG2.1.2.05.BSP.condition=SEMSMARTAG2IiExamplesCcDeviceJjApplicationJjSmarTag2 | SEMSMARTAG2IiExamplesCcDeviceJjApplicationJjFirmwareUpdate | SEMSMARTAG2IiExamplesCcDeviceJjApplicationJjOneShot
STMicroelectronics.FP-SNS-SMARTAG2.1.2.05.BSP.instance=PC14-OSC32_IN (PC14)
STMicroelectronics.FP-SNS-SMARTAG2.1.2.05.BSP.ip=GPIO
STMicroelectronics.FP-SNS-SMARTAG2.1.2.05.BSP.mode=EXTI
STMicroelectronics.FP-SNS-SMARTAG2.1.2.05.BSP.name=GPO PIN
STMicroelectronics.FP-SNS-SMARTAG2.1.2.05.BSP.semaphore=
STMicroelectronics.FP-SNS-SMARTAG2.1.2.05.BSP.solution=PC14-OSC32_IN (PC14)
STMicroelectronics.FP-SNS-SMARTAG2.1.2.06.BSP.STBoard=false
STMicroelectronics.FP-SNS-SMARTAG2.1.2.06.BSP.api=BSP_COMMON_DRIVER
STMicroelectronics.FP-SNS-SMARTAG2.1.2.06.BSP.component=
STMicroelectronics.FP-SNS-SMARTAG2.1.2.06.BSP.condition=SEMSMARTAG2IiExamplesCcDeviceJjApplicationJjOneShot | SEMSMARTAG2IiExamplesCcDeviceJjApplicationJjSmarTag2
STMicroelectronics.FP-SNS-SMARTAG2.1.2.06.BSP.instance=PB12
STMicroelectronics.FP-SNS-SMARTAG2.1.2.06.BSP.ip=GPIO
STMicroelectronics.FP-SNS-SMARTAG2.1.2.06.BSP.mode=Output
STMicroelectronics.FP-SNS-SMARTAG2.1.2.06.BSP.name=BSP LED
STMicroelectronics.FP-SNS-SMARTAG2.1.2.06.BSP.semaphore=
STMicroelectronics.FP-SNS-SMARTAG2.1.2.06.BSP.solution=PB12
STMicroelectronics.FP-SNS-SMARTAG2.1.2.07.BSP.STBoard=false
STMicroelectronics.FP-SNS-SMARTAG2.1.2.07.BSP.api=Unknown
STMicroelectronics.FP-SNS-SMARTAG2.1.2.07.BSP.component=
STMicroelectronics.FP-SNS-SMARTAG2.1.2.07.BSP.condition=SEMSMARTAG2IiExamplesCcDeviceJjApplicationJjSmarTag2 | SEMSMARTAG2IiExamplesCcDeviceJjApplicationJjFirmwareUpdate | SEMSMARTAG2IiExamplesCcDeviceJjApplicationJjOneShot
STMicroelectronics.FP-SNS-SMARTAG2.1.2.07.BSP.instance=PB8
STMicroelectronics.FP-SNS-SMARTAG2.1.2.07.BSP.ip=GPIO
STMicroelectronics.FP-SNS-SMARTAG2.1.2.07.BSP.mode=Output
STMicroelectronics.FP-SNS-SMARTAG2.1.2.07.BSP.name=LPD PIN
STMicroelectronics.FP-SNS-SMARTAG2.1.2.07.BSP.semaphore=
STMicroelectronics.FP-SNS-SMARTAG2.1.2.07.BSP.solution=PB8
STMicroelectronics.FP-SNS-SMARTAG2.1.2.0_SwParameter=STEVALAaSMARTAG2CcBoardOoSupportJjSmarTag2JjBSP\:true;SMARTAG2IiExamplesCcDeviceJjApplication\:OneShot;
STMicroelectronics.X-CUBE-ALS.1.0.1.BoardOoPartJjLightJjVD6283TX=true
STMicroelectronics.X-CUBE-ALS.1.0.1.BoardOoPartJjLight_Checked=true
STMicroelectronics.X-CUBE-ALS.1.0.1.IPParameters=BoardOoPartJjLightJjVD6283TX
STMicroelectronics.X-CUBE-ALS.1.0.1_SwParameter=BoardOoPartJjLightJjVD6283TX\:true;
STMicroelectronics.X-CUBE-MEMS1.9.6.0.BSP.number=8
STMicroelectronics.X-CUBE-MEMS1.9.6.0.BoardOoPartJjAccGyrJjLSM6DSO32X=SPI
STMicroelectronics.X-CUBE-MEMS1.9.6.0.BoardOoPartJjAccGyr_Checked=true
STMicroelectronics.X-CUBE-MEMS1.9.6.0.BoardOoPartJjAccJjH3LIS331DL=SPI
STMicroelectronics.X-CUBE-MEMS1.9.6.0.BoardOoPartJjAccQvarJjLIS2DUXS12=SPI
STMicroelectronics.X-CUBE-MEMS1.9.6.0.BoardOoPartJjAccQvar_Checked=true
STMicroelectronics.X-CUBE-MEMS1.9.6.0.BoardOoPartJjAcc_Checked=true
STMicroelectronics.X-CUBE-MEMS1.9.6.0.BoardOoPartJjPressTempJjLPS22DF=I2C
STMicroelectronics.X-CUBE-MEMS1.9.6.0.BoardOoPartJjPressTemp_Checked=true
STMicroelectronics.X-CUBE-MEMS1.9.6.0.BoardOoPartJjTempJjSTTS22H=I2C
STMicroelectronics.X-CUBE-MEMS1.9.6.0.BoardOoPartJjTemp_Checked=true
STMicroelectronics.X-CUBE-MEMS1.9.6.0.IPParameters=BoardOoPartJjTempJjSTTS22H,BoardOoPartJjAccJjH3LIS331DL,BoardOoPartJjPressTempJjLPS22DF,BoardOoPartJjAccGyrJjLSM6DSO32X,BoardOoPartJjAccQvarJjLIS2DUXS12
STMicroelectronics.X-CUBE-MEMS1.9.6.00.BSP.STBoard=false
STMicroelectronics.X-CUBE-MEMS1.9.6.00.BSP.api=BSP_BUS_DRIVER
STMicroelectronics.X-CUBE-MEMS1.9.6.00.BSP.component=
STMicroelectronics.X-CUBE-MEMS1.9.6.00.BSP.condition=SEMBoardOoPartJjAccQvarJjLIS2DUXS12JjSPI
STMicroelectronics.X-CUBE-MEMS1.9.6.00.BSP.instance=SPI1
STMicroelectronics.X-CUBE-MEMS1.9.6.00.BSP.ip=SPI
STMicroelectronics.X-CUBE-MEMS1.9.6.00.BSP.mode=Full-Duplex Master
STMicroelectronics.X-CUBE-MEMS1.9.6.00.BSP.name=LIS2DUXS12 BUS IO driver
STMicroelectronics.X-CUBE-MEMS1.9.6.00.BSP.semaphore=
STMicroelectronics.X-CUBE-MEMS1.9.6.00.BSP.solution=SPI1
STMicroelectronics.X-CUBE-MEMS1.9.6.01.BSP.STBoard=false
STMicroelectronics.X-CUBE-MEMS1.9.6.01.BSP.api=Unknown
STMicroelectronics.X-CUBE-MEMS1.9.6.01.BSP.component=
STMicroelectronics.X-CUBE-MEMS1.9.6.01.BSP.condition=SEMBoardOoPartJjAccGyrJjLSM6DSO32XJjSPI
STMicroelectronics.X-CUBE-MEMS1.9.6.01.BSP.instance=PH0-OSC_IN (PH0)
STMicroelectronics.X-CUBE-MEMS1.9.6.01.BSP.ip=GPIO
STMicroelectronics.X-CUBE-MEMS1.9.6.01.BSP.mode=Output
STMicroelectronics.X-CUBE-MEMS1.9.6.01.BSP.name=LSM6DSO32X_CS
STMicroelectronics.X-CUBE-MEMS1.9.6.01.BSP.semaphore=
STMicroelectronics.X-CUBE-MEMS1.9.6.01.BSP.solution=PH0-OSC_IN (PH0)
STMicroelectronics.X-CUBE-MEMS1.9.6.02.BSP.STBoard=false
STMicroelectronics.X-CUBE-MEMS1.9.6.02.BSP.api=BSP_BUS_DRIVER
STMicroelectronics.X-CUBE-MEMS1.9.6.02.BSP.component=
STMicroelectronics.X-CUBE-MEMS1.9.6.02.BSP.condition=SEMBoardOoPartJjTempJjSTTS22HJjI2C
STMicroelectronics.X-CUBE-MEMS1.9.6.02.BSP.instance=I2C1
STMicroelectronics.X-CUBE-MEMS1.9.6.02.BSP.ip=I2C
STMicroelectronics.X-CUBE-MEMS1.9.6.02.BSP.mode=I2C
STMicroelectronics.X-CUBE-MEMS1.9.6.02.BSP.name=STTS22H BUS IO driver
STMicroelectronics.X-CUBE-MEMS1.9.6.02.BSP.semaphore=
STMicroelectronics.X-CUBE-MEMS1.9.6.02.BSP.solution=I2C1
STMicroelectronics.X-CUBE-MEMS1.9.6.03.BSP.STBoard=false
STMicroelectronics.X-CUBE-MEMS1.9.6.03.BSP.api=BSP_BUS_DRIVER
STMicroelectronics.X-CUBE-MEMS1.9.6.03.BSP.component=
STMicroelectronics.X-CUBE-MEMS1.9.6.03.BSP.condition=SEMBoardOoPartJjAccGyrJjLSM6DSO32XJjSPI
STMicroelectronics.X-CUBE-MEMS1.9.6.03.BSP.instance=SPI1
STMicroelectronics.X-CUBE-MEMS1.9.6.03.BSP.ip=SPI
STMicroelectronics.X-CUBE-MEMS1.9.6.03.BSP.mode=Full-Duplex Master
STMicroelectronics.X-CUBE-MEMS1.9.6.03.BSP.name=LSM6DSO32X BUS IO driver
STMicroelectronics.X-CUBE-MEMS1.9.6.03.BSP.semaphore=
STMicroelectronics.X-CUBE-MEMS1.9.6.03.BSP.solution=SPI1
STMicroelectronics.X-CUBE-MEMS1.9.6.04.BSP.STBoard=false
STMicroelectronics.X-CUBE-MEMS1.9.6.04.BSP.api=BSP_BUS_DRIVER
STMicroelectronics.X-CUBE-MEMS1.9.6.04.BSP.component=
STMicroelectronics.X-CUBE-MEMS1.9.6.04.BSP.condition=SEMBoardOoPartJjAccJjH3LIS331DLJjSPI
STMicroelectronics.X-CUBE-MEMS1.9.6.04.BSP.instance=SPI1
STMicroelectronics.X-CUBE-MEMS1.9.6.04.BSP.ip=SPI
STMicroelectronics.X-CUBE-MEMS1.9.6.04.BSP.mode=Full-Duplex Master
STMicroelectronics.X-CUBE-MEMS1.9.6.04.BSP.name=H3LIS331DL BUS IO driver
STMicroelectronics.X-CUBE-MEMS1.9.6.04.BSP.semaphore=
STMicroelectronics.X-CUBE-MEMS1.9.6.04.BSP.solution=SPI1
STMicroelectronics.X-CUBE-MEMS1.9.6.05.BSP.STBoard=false
STMicroelectronics.X-CUBE-MEMS1.9.6.05.BSP.api=Unknown
STMicroelectronics.X-CUBE-MEMS1.9.6.05.BSP.component=
STMicroelectronics.X-CUBE-MEMS1.9.6.05.BSP.condition=SEMBoardOoPartJjAccQvarJjLIS2DUXS12JjSPI
STMicroelectronics.X-CUBE-MEMS1.9.6.05.BSP.instance=PA15 (JTDI)
STMicroelectronics.X-CUBE-MEMS1.9.6.05.BSP.ip=GPIO
STMicroelectronics.X-CUBE-MEMS1.9.6.05.BSP.mode=Output
STMicroelectronics.X-CUBE-MEMS1.9.6.05.BSP.name=LIS2DUXS12_CS
STMicroelectronics.X-CUBE-MEMS1.9.6.05.BSP.semaphore=
STMicroelectronics.X-CUBE-MEMS1.9.6.05.BSP.solution=PA15 (JTDI)
STMicroelectronics.X-CUBE-MEMS1.9.6.06.BSP.STBoard=false
STMicroelectronics.X-CUBE-MEMS1.9.6.06.BSP.api=BSP_BUS_DRIVER
STMicroelectronics.X-CUBE-MEMS1.9.6.06.BSP.component=
STMicroelectronics.X-CUBE-MEMS1.9.6.06.BSP.condition=SEMBoardOoPartJjPressTempJjLPS22DFJjI2C
STMicroelectronics.X-CUBE-MEMS1.9.6.06.BSP.instance=I2C1
STMicroelectronics.X-CUBE-MEMS1.9.6.06.BSP.ip=I2C
STMicroelectronics.X-CUBE-MEMS1.9.6.06.BSP.mode=I2C
STMicroelectronics.X-CUBE-MEMS1.9.6.06.BSP.name=LPS22DF BUS IO driver
STMicroelectronics.X-CUBE-MEMS1.9.6.06.BSP.semaphore=
STMicroelectronics.X-CUBE-MEMS1.9.6.06.BSP.solution=I2C1
STMicroelectronics.X-CUBE-MEMS1.9.6.07.BSP.STBoard=false
STMicroelectronics.X-CUBE-MEMS1.9.6.07.BSP.api=Unknown
STMicroelectronics.X-CUBE-MEMS1.9.6.07.BSP.component=
STMicroelectronics.X-CUBE-MEMS1.9.6.07.BSP.condition=SEMBoardOoPartJjAccJjH3LIS331DLJjSPI
STMicroelectronics.X-CUBE-MEMS1.9.6.07.BSP.instance=PB1
STMicroelectronics.X-CUBE-MEMS1.9.6.07.BSP.ip=GPIO
STMicroelectronics.X-CUBE-MEMS1.9.6.07.BSP.mode=Output
STMicroelectronics.X-CUBE-MEMS1.9.6.07.BSP.name=H3LIS331DL_CS
STMicroelectronics.X-CUBE-MEMS1.9.6.07.BSP.semaphore=
STMicroelectronics.X-CUBE-MEMS1.9.6.07.BSP.solution=PB1
STMicroelectronics.X-CUBE-MEMS1.9.6.0_SwParameter=BoardOoPartJjAccGyrJjLSM6DSO32X\:SPI;BoardOoPartJjAccQvarJjLIS2DUXS12\:SPI;BoardOoPartJjPressTempJjLPS22DF\:I2C;BoardOoPartJjTempJjSTTS22H\:I2C;BoardOoPartJjAccJjH3LIS331DL\:SPI;
STMicroelectronics.X-CUBE-NFC7.1.0.0.BoardOoPartJjNFC7_Checked=true
STMicroelectronics.X-CUBE-NFC7.1.0.0.IPParameters=NFC7CcBoardOoPartJjNFC7JjST25DVXXKC
STMicroelectronics.X-CUBE-NFC7.1.0.0.NFC7CcBoardOoPartJjNFC7JjST25DVXXKC=true
STMicroelectronics.X-CUBE-NFC7.1.0.0_SwParameter=NFC7CcBoardOoPartJjNFC7JjST25DVXXKC\:true;
USART1.IPParameters=VirtualMode-Asynchronous
USART1.VirtualMode-Asynchronous=VM_ASYNC
VP_STMicroelectronics.FP-SNS-SMARTAG2_VS_BoardOoSupportJjSTEVALAaSMARTAG2_1.2.0_1.2.0.Mode=BoardOoSupportJjSTEVALAaSMARTAG2
VP_STMicroelectronics.FP-SNS-SMARTAG2_VS_BoardOoSupportJjSTEVALAaSMARTAG2_1.2.0_1.2.0.Signal=STMicroelectronics.FP-SNS-SMARTAG2_VS_BoardOoSupportJjSTEVALAaSMARTAG2_1.2.0_1.2.0
VP_STMicroelectronics.FP-SNS-SMARTAG2_VS_DeviceJjSMARTAG2IiExamples_1.2.0_1.2.0.Mode=DeviceJjSMARTAG2IiExamples
VP_STMicroelectronics.FP-SNS-SMARTAG2_VS_DeviceJjSMARTAG2IiExamples_1.2.0_1.2.0.Signal=STMicroelectronics.FP-SNS-SMARTAG2_VS_DeviceJjSMARTAG2IiExamples_1.2.0_1.2.0
VP_STMicroelectronics.X-CUBE-ALS_VS_BoardOoPartJjLight_1.0.0_1.0.1.Mode=BoardOoPartJjLight
VP_STMicroelectronics.X-CUBE-ALS_VS_BoardOoPartJjLight_1.0.0_1.0.1.Signal=STMicroelectronics.X-CUBE-ALS_VS_BoardOoPartJjLight_1.0.0_1.0.1
VP_STMicroelectronics.X-CUBE-MEMS1_VS_BoardOoPartJjAccGyr_5.5.0_9.6.0.Mode=BoardOoPartJjAccGyr
VP_STMicroelectronics.X-CUBE-MEMS1_VS_BoardOoPartJjAccGyr_5.5.0_9.6.0.Signal=STMicroelectronics.X-CUBE-MEMS1_VS_BoardOoPartJjAccGyr_5.5.0_9.6.0
VP_STMicroelectronics.X-CUBE-MEMS1_VS_BoardOoPartJjAccQvar_1.1.0_9.6.0.Mode=BoardOoPartJjAccQvar
VP_STMicroelectronics.X-CUBE-MEMS1_VS_BoardOoPartJjAccQvar_1.1.0_9.6.0.Signal=STMicroelectronics.X-CUBE-MEMS1_VS_BoardOoPartJjAccQvar_1.1.0_9.6.0
VP_STMicroelectronics.X-CUBE-MEMS1_VS_BoardOoPartJjAcc_1.4.0_9.6.0.Mode=BoardOoPartJjAcc
VP_STMicroelectronics.X-CUBE-MEMS1_VS_BoardOoPartJjAcc_1.4.0_9.6.0.Signal=STMicroelectronics.X-CUBE-MEMS1_VS_BoardOoPartJjAcc_1.4.0_9.6.0
VP_STMicroelectronics.X-CUBE-MEMS1_VS_BoardOoPartJjPressTemp_5.5.0_9.6.0.Mode=BoardOoPartJjPressTemp
VP_STMicroelectronics.X-CUBE-MEMS1_VS_BoardOoPartJjPressTemp_5.5.0_9.6.0.Signal=STMicroelectronics.X-CUBE-MEMS1_VS_BoardOoPartJjPressTemp_5.5.0_9.6.0
VP_STMicroelectronics.X-CUBE-MEMS1_VS_BoardOoPartJjTemp_1.3.0_9.6.0.Mode=BoardOoPartJjTemp
VP_STMicroelectronics.X-CUBE-MEMS1_VS_BoardOoPartJjTemp_1.3.0_9.6.0.Signal=STMicroelectronics.X-CUBE-MEMS1_VS_BoardOoPartJjTemp_1.3.0_9.6.0
VP_STMicroelectronics.X-CUBE-NFC7_VS_BoardOoPartJjNFC7_1.0.0_1.0.0.Mode=BoardOoPartJjNFC7
VP_STMicroelectronics.X-CUBE-NFC7_VS_BoardOoPartJjNFC7_1.0.0_1.0.0.Signal=STMicroelectronics.X-CUBE-NFC7_VS_BoardOoPartJjNFC7_1.0.0_1.0.0
VP_SYS_VS_Systick.Mode=SysTick
VP_SYS_VS_Systick.Signal=SYS_VS_Systick
board=STEVAL-SMARTAG2
boardIOC=true
